// !$*UTF8*$!
{
	archiveVersion = 1;
	classes = {
	};
	objectVersion = 56;
	objects = {

/* Begin PBXBuildFile section */
		960267CB2B45B311009CBC03 /* Authentication.swift in Sources */ = {isa = PBXBuildFile; fileRef = 960267CA2B45B311009CBC03 /* Authentication.swift */; };
		960267CD2B45CBAC009CBC03 /* LoginView.swift in Sources */ = {isa = PBXBuildFile; fileRef = 960267CC2B45CBAC009CBC03 /* LoginView.swift */; };
		960267CF2B45CE15009CBC03 /* SignUpView.swift in Sources */ = {isa = PBXBuildFile; fileRef = 960267CE2B45CE15009CBC03 /* SignUpView.swift */; };
		960267D32B45D056009CBC03 /* OvalTextFieldStyle.swift in Sources */ = {isa = PBXBuildFile; fileRef = 960267D22B45D056009CBC03 /* OvalTextFieldStyle.swift */; };
		960267D62B45D2F9009CBC03 /* AuthTextField.swift in Sources */ = {isa = PBXBuildFile; fileRef = 960267D52B45D2F9009CBC03 /* AuthTextField.swift */; };
		960919A32B015B4400F12CA9 /* DetailFishingView.swift in Sources */ = {isa = PBXBuildFile; fileRef = 960919A22B015B4400F12CA9 /* DetailFishingView.swift */; };
		96121CEF2B00B9D000CC7AAF /* Fishing_JournalApp.swift in Sources */ = {isa = PBXBuildFile; fileRef = 96121CEE2B00B9D000CC7AAF /* Fishing_JournalApp.swift */; };
		96121CF32B00B9D100CC7AAF /* Assets.xcassets in Resources */ = {isa = PBXBuildFile; fileRef = 96121CF22B00B9D100CC7AAF /* Assets.xcassets */; };
		96121CF62B00B9D100CC7AAF /* Preview Assets.xcassets in Resources */ = {isa = PBXBuildFile; fileRef = 96121CF52B00B9D100CC7AAF /* Preview Assets.xcassets */; };
		96121D012B00DC6500CC7AAF /* MainView.swift in Sources */ = {isa = PBXBuildFile; fileRef = 96121D002B00DC6500CC7AAF /* MainView.swift */; };
		96121D042B00EC8D00CC7AAF /* FishingItem.swift in Sources */ = {isa = PBXBuildFile; fileRef = 96121D032B00EC8D00CC7AAF /* FishingItem.swift */; };
		96121D072B011C6200CC7AAF /* Fishing.swift in Sources */ = {isa = PBXBuildFile; fileRef = 96121D062B011C6200CC7AAF /* Fishing.swift */; };
		96121D092B011C9800CC7AAF /* Bait.swift in Sources */ = {isa = PBXBuildFile; fileRef = 96121D082B011C9800CC7AAF /* Bait.swift */; };
		96121D0B2B011CD200CC7AAF /* Water.swift in Sources */ = {isa = PBXBuildFile; fileRef = 96121D0A2B011CD200CC7AAF /* Water.swift */; };
		96121D0D2B011D0200CC7AAF /* FishingType.swift in Sources */ = {isa = PBXBuildFile; fileRef = 96121D0C2B011D0200CC7AAF /* FishingType.swift */; };
		96121D0F2B011D3600CC7AAF /* Fish.swift in Sources */ = {isa = PBXBuildFile; fileRef = 96121D0E2B011D3600CC7AAF /* Fish.swift */; };
		96121D112B011D4F00CC7AAF /* FishingMethod.swift in Sources */ = {isa = PBXBuildFile; fileRef = 96121D102B011D4F00CC7AAF /* FishingMethod.swift */; };
		96121D132B011D8600CC7AAF /* User.swift in Sources */ = {isa = PBXBuildFile; fileRef = 96121D122B011D8600CC7AAF /* User.swift */; };
		96121D152B011EBD00CC7AAF /* FishingData.swift in Sources */ = {isa = PBXBuildFile; fileRef = 96121D142B011EBD00CC7AAF /* FishingData.swift */; };
		961401772B7CF7BD00FB5331 /* EF_ImagesView.swift in Sources */ = {isa = PBXBuildFile; fileRef = 961401762B7CF7BD00FB5331 /* EF_ImagesView.swift */; };
		961401792B7D0FBC00FB5331 /* EF_FishView.swift in Sources */ = {isa = PBXBuildFile; fileRef = 961401782B7D0FBC00FB5331 /* EF_FishView.swift */; };
		9614017B2B7D118C00FB5331 /* EF_FishPicker.swift in Sources */ = {isa = PBXBuildFile; fileRef = 9614017A2B7D118C00FB5331 /* EF_FishPicker.swift */; };
		9614017D2B7D11EA00FB5331 /* CustomStepper.swift in Sources */ = {isa = PBXBuildFile; fileRef = 9614017C2B7D11EA00FB5331 /* CustomStepper.swift */; };
		961401812B810D7C00FB5331 /* FishingPhotos.swift in Sources */ = {isa = PBXBuildFile; fileRef = 961401802B810D7C00FB5331 /* FishingPhotos.swift */; };
		961401832B874F3B00FB5331 /* LocationFishingDetailsView.swift in Sources */ = {isa = PBXBuildFile; fileRef = 961401822B874F3A00FB5331 /* LocationFishingDetailsView.swift */; };
		961401852B879DB200FB5331 /* FishCaught.swift in Sources */ = {isa = PBXBuildFile; fileRef = 961401842B879DB200FB5331 /* FishCaught.swift */; };
		962F59132B0B7ECC001678A0 /* TabBarModel.swift in Sources */ = {isa = PBXBuildFile; fileRef = 962F59122B0B7ECC001678A0 /* TabBarModel.swift */; };
		962F59152B0B7F41001678A0 /* TabBarView.swift in Sources */ = {isa = PBXBuildFile; fileRef = 962F59142B0B7F41001678A0 /* TabBarView.swift */; };
		962F59172B0B7FD0001678A0 /* MapView.swift in Sources */ = {isa = PBXBuildFile; fileRef = 962F59162B0B7FD0001678A0 /* MapView.swift */; };
		962F59192B0B8023001678A0 /* FeedView.swift in Sources */ = {isa = PBXBuildFile; fileRef = 962F59182B0B8023001678A0 /* FeedView.swift */; };
		962F591B2B0B8034001678A0 /* ProfileView.swift in Sources */ = {isa = PBXBuildFile; fileRef = 962F591A2B0B8034001678A0 /* ProfileView.swift */; };
		9676BF942B87DD810070A4C7 /* AnnotationMark.swift in Sources */ = {isa = PBXBuildFile; fileRef = 9676BF932B87DD810070A4C7 /* AnnotationMark.swift */; };
		9679940B2B8F062B008CE318 /* EF_FishingInfo.swift in Sources */ = {isa = PBXBuildFile; fileRef = 9679940A2B8F062B008CE318 /* EF_FishingInfo.swift */; };
		9679940D2B8F06AA008CE318 /* EF_FishingMethodPicker.swift in Sources */ = {isa = PBXBuildFile; fileRef = 9679940C2B8F06AA008CE318 /* EF_FishingMethodPicker.swift */; };
		9679940F2B8F070D008CE318 /* EF_BaitPicker.swift in Sources */ = {isa = PBXBuildFile; fileRef = 9679940E2B8F070D008CE318 /* EF_BaitPicker.swift */; };
		967994112B8F077D008CE318 /* EF_WaterInfo.swift in Sources */ = {isa = PBXBuildFile; fileRef = 967994102B8F077D008CE318 /* EF_WaterInfo.swift */; };
		967994142B8F6493008CE318 /* EF_CommentView.swift in Sources */ = {isa = PBXBuildFile; fileRef = 967994132B8F6493008CE318 /* EF_CommentView.swift */; };
		96972A092B4979CE008EDE6E /* AuthSecuredTextField.swift in Sources */ = {isa = PBXBuildFile; fileRef = 96972A082B4979CE008EDE6E /* AuthSecuredTextField.swift */; };
		96972A0B2B4A91E8008EDE6E /* Validator.swift in Sources */ = {isa = PBXBuildFile; fileRef = 96972A0A2B4A91E8008EDE6E /* Validator.swift */; };
		96B2A8C52B7B539B00F78CBC /* EditFishingView.swift in Sources */ = {isa = PBXBuildFile; fileRef = 96B2A8C42B7B539B00F78CBC /* EditFishingView.swift */; };
		96B2A8C72B7CA36600F78CBC /* EF_HeaderView.swift in Sources */ = {isa = PBXBuildFile; fileRef = 96B2A8C62B7CA36600F78CBC /* EF_HeaderView.swift */; };
		96B2A8C92B7CA39900F78CBC /* EF_FishingTypePicker.swift in Sources */ = {isa = PBXBuildFile; fileRef = 96B2A8C82B7CA39900F78CBC /* EF_FishingTypePicker.swift */; };
		96DA24A22B30BF2700FB229C /* PhotoView.swift in Sources */ = {isa = PBXBuildFile; fileRef = 96DA24A12B30BF2700FB229C /* PhotoView.swift */; };
		96E1C5DC2B20804700E88C7D /* Header.swift in Sources */ = {isa = PBXBuildFile; fileRef = 96E1C5DB2B20804700E88C7D /* Header.swift */; };
		96E1C5DE2B20805400E88C7D /* FishingInfo.swift in Sources */ = {isa = PBXBuildFile; fileRef = 96E1C5DD2B20805400E88C7D /* FishingInfo.swift */; };
		96E1C5E02B20805A00E88C7D /* WaterInfo.swift in Sources */ = {isa = PBXBuildFile; fileRef = 96E1C5DF2B20805A00E88C7D /* WaterInfo.swift */; };
		96E1C5E22B20806600E88C7D /* Comment.swift in Sources */ = {isa = PBXBuildFile; fileRef = 96E1C5E12B20806600E88C7D /* Comment.swift */; };
		96E1C5E62B20992F00E88C7D /* FishingInfoRow.swift in Sources */ = {isa = PBXBuildFile; fileRef = 96E1C5E52B20992F00E88C7D /* FishingInfoRow.swift */; };
/* End PBXBuildFile section */

/* Begin PBXFileReference section */
		960267CA2B45B311009CBC03 /* Authentication.swift */ = {isa = PBXFileReference; lastKnownFileType = sourcecode.swift; path = Authentication.swift; sourceTree = "<group>"; };
		960267CC2B45CBAC009CBC03 /* LoginView.swift */ = {isa = PBXFileReference; lastKnownFileType = sourcecode.swift; path = LoginView.swift; sourceTree = "<group>"; };
		960267CE2B45CE15009CBC03 /* SignUpView.swift */ = {isa = PBXFileReference; lastKnownFileType = sourcecode.swift; path = SignUpView.swift; sourceTree = "<group>"; };
		960267D22B45D056009CBC03 /* OvalTextFieldStyle.swift */ = {isa = PBXFileReference; lastKnownFileType = sourcecode.swift; path = OvalTextFieldStyle.swift; sourceTree = "<group>"; };
		960267D52B45D2F9009CBC03 /* AuthTextField.swift */ = {isa = PBXFileReference; lastKnownFileType = sourcecode.swift; path = AuthTextField.swift; sourceTree = "<group>"; };
		960919A22B015B4400F12CA9 /* DetailFishingView.swift */ = {isa = PBXFileReference; lastKnownFileType = sourcecode.swift; path = DetailFishingView.swift; sourceTree = "<group>"; };
		96121CEB2B00B9D000CC7AAF /* Fishing Journal.app */ = {isa = PBXFileReference; explicitFileType = wrapper.application; includeInIndex = 0; path = "Fishing Journal.app"; sourceTree = BUILT_PRODUCTS_DIR; };
		96121CEE2B00B9D000CC7AAF /* Fishing_JournalApp.swift */ = {isa = PBXFileReference; lastKnownFileType = sourcecode.swift; path = Fishing_JournalApp.swift; sourceTree = "<group>"; };
		96121CF22B00B9D100CC7AAF /* Assets.xcassets */ = {isa = PBXFileReference; lastKnownFileType = folder.assetcatalog; path = Assets.xcassets; sourceTree = "<group>"; };
		96121CF52B00B9D100CC7AAF /* Preview Assets.xcassets */ = {isa = PBXFileReference; lastKnownFileType = folder.assetcatalog; path = "Preview Assets.xcassets"; sourceTree = "<group>"; };
		96121D002B00DC6500CC7AAF /* MainView.swift */ = {isa = PBXFileReference; lastKnownFileType = sourcecode.swift; path = MainView.swift; sourceTree = "<group>"; };
		96121D032B00EC8D00CC7AAF /* FishingItem.swift */ = {isa = PBXFileReference; lastKnownFileType = sourcecode.swift; path = FishingItem.swift; sourceTree = "<group>"; };
		96121D062B011C6200CC7AAF /* Fishing.swift */ = {isa = PBXFileReference; lastKnownFileType = sourcecode.swift; path = Fishing.swift; sourceTree = "<group>"; };
		96121D082B011C9800CC7AAF /* Bait.swift */ = {isa = PBXFileReference; lastKnownFileType = sourcecode.swift; path = Bait.swift; sourceTree = "<group>"; };
		96121D0A2B011CD200CC7AAF /* Water.swift */ = {isa = PBXFileReference; lastKnownFileType = sourcecode.swift; path = Water.swift; sourceTree = "<group>"; };
		96121D0C2B011D0200CC7AAF /* FishingType.swift */ = {isa = PBXFileReference; lastKnownFileType = sourcecode.swift; path = FishingType.swift; sourceTree = "<group>"; };
		96121D0E2B011D3600CC7AAF /* Fish.swift */ = {isa = PBXFileReference; lastKnownFileType = sourcecode.swift; path = Fish.swift; sourceTree = "<group>"; };
		96121D102B011D4F00CC7AAF /* FishingMethod.swift */ = {isa = PBXFileReference; lastKnownFileType = sourcecode.swift; path = FishingMethod.swift; sourceTree = "<group>"; };
		96121D122B011D8600CC7AAF /* User.swift */ = {isa = PBXFileReference; lastKnownFileType = sourcecode.swift; path = User.swift; sourceTree = "<group>"; };
		96121D142B011EBD00CC7AAF /* FishingData.swift */ = {isa = PBXFileReference; lastKnownFileType = sourcecode.swift; path = FishingData.swift; sourceTree = "<group>"; };
		961401762B7CF7BD00FB5331 /* EF_ImagesView.swift */ = {isa = PBXFileReference; lastKnownFileType = sourcecode.swift; path = EF_ImagesView.swift; sourceTree = "<group>"; };
		961401782B7D0FBC00FB5331 /* EF_FishView.swift */ = {isa = PBXFileReference; lastKnownFileType = sourcecode.swift; path = EF_FishView.swift; sourceTree = "<group>"; };
		9614017A2B7D118C00FB5331 /* EF_FishPicker.swift */ = {isa = PBXFileReference; lastKnownFileType = sourcecode.swift; path = EF_FishPicker.swift; sourceTree = "<group>"; };
		9614017C2B7D11EA00FB5331 /* CustomStepper.swift */ = {isa = PBXFileReference; lastKnownFileType = sourcecode.swift; path = CustomStepper.swift; sourceTree = "<group>"; };
		961401802B810D7C00FB5331 /* FishingPhotos.swift */ = {isa = PBXFileReference; lastKnownFileType = sourcecode.swift; path = FishingPhotos.swift; sourceTree = "<group>"; };
		961401822B874F3A00FB5331 /* LocationFishingDetailsView.swift */ = {isa = PBXFileReference; lastKnownFileType = sourcecode.swift; path = LocationFishingDetailsView.swift; sourceTree = "<group>"; };
		961401842B879DB200FB5331 /* FishCaught.swift */ = {isa = PBXFileReference; lastKnownFileType = sourcecode.swift; path = FishCaught.swift; sourceTree = "<group>"; };
		962F59122B0B7ECC001678A0 /* TabBarModel.swift */ = {isa = PBXFileReference; lastKnownFileType = sourcecode.swift; path = TabBarModel.swift; sourceTree = "<group>"; };
		962F59142B0B7F41001678A0 /* TabBarView.swift */ = {isa = PBXFileReference; lastKnownFileType = sourcecode.swift; path = TabBarView.swift; sourceTree = "<group>"; };
		962F59162B0B7FD0001678A0 /* MapView.swift */ = {isa = PBXFileReference; lastKnownFileType = sourcecode.swift; path = MapView.swift; sourceTree = "<group>"; };
		962F59182B0B8023001678A0 /* FeedView.swift */ = {isa = PBXFileReference; lastKnownFileType = sourcecode.swift; path = FeedView.swift; sourceTree = "<group>"; };
		962F591A2B0B8034001678A0 /* ProfileView.swift */ = {isa = PBXFileReference; lastKnownFileType = sourcecode.swift; path = ProfileView.swift; sourceTree = "<group>"; };
		9676BF932B87DD810070A4C7 /* AnnotationMark.swift */ = {isa = PBXFileReference; lastKnownFileType = sourcecode.swift; path = AnnotationMark.swift; sourceTree = "<group>"; };
		9679940A2B8F062B008CE318 /* EF_FishingInfo.swift */ = {isa = PBXFileReference; lastKnownFileType = sourcecode.swift; path = EF_FishingInfo.swift; sourceTree = "<group>"; };
		9679940C2B8F06AA008CE318 /* EF_FishingMethodPicker.swift */ = {isa = PBXFileReference; lastKnownFileType = sourcecode.swift; path = EF_FishingMethodPicker.swift; sourceTree = "<group>"; };
		9679940E2B8F070D008CE318 /* EF_BaitPicker.swift */ = {isa = PBXFileReference; lastKnownFileType = sourcecode.swift; path = EF_BaitPicker.swift; sourceTree = "<group>"; };
		967994102B8F077D008CE318 /* EF_WaterInfo.swift */ = {isa = PBXFileReference; lastKnownFileType = sourcecode.swift; path = EF_WaterInfo.swift; sourceTree = "<group>"; };
		967994132B8F6493008CE318 /* EF_CommentView.swift */ = {isa = PBXFileReference; lastKnownFileType = sourcecode.swift; path = EF_CommentView.swift; sourceTree = "<group>"; };
		96972A082B4979CE008EDE6E /* AuthSecuredTextField.swift */ = {isa = PBXFileReference; lastKnownFileType = sourcecode.swift; path = AuthSecuredTextField.swift; sourceTree = "<group>"; };
		96972A0A2B4A91E8008EDE6E /* Validator.swift */ = {isa = PBXFileReference; lastKnownFileType = sourcecode.swift; path = Validator.swift; sourceTree = "<group>"; };
		96B2A8C42B7B539B00F78CBC /* EditFishingView.swift */ = {isa = PBXFileReference; lastKnownFileType = sourcecode.swift; path = EditFishingView.swift; sourceTree = "<group>"; };
		96B2A8C62B7CA36600F78CBC /* EF_HeaderView.swift */ = {isa = PBXFileReference; lastKnownFileType = sourcecode.swift; path = EF_HeaderView.swift; sourceTree = "<group>"; };
		96B2A8C82B7CA39900F78CBC /* EF_FishingTypePicker.swift */ = {isa = PBXFileReference; lastKnownFileType = sourcecode.swift; path = EF_FishingTypePicker.swift; sourceTree = "<group>"; };
		96DA24A12B30BF2700FB229C /* PhotoView.swift */ = {isa = PBXFileReference; lastKnownFileType = sourcecode.swift; path = PhotoView.swift; sourceTree = "<group>"; };
		96E1C5DB2B20804700E88C7D /* Header.swift */ = {isa = PBXFileReference; lastKnownFileType = sourcecode.swift; path = Header.swift; sourceTree = "<group>"; };
		96E1C5DD2B20805400E88C7D /* FishingInfo.swift */ = {isa = PBXFileReference; lastKnownFileType = sourcecode.swift; path = FishingInfo.swift; sourceTree = "<group>"; };
		96E1C5DF2B20805A00E88C7D /* WaterInfo.swift */ = {isa = PBXFileReference; lastKnownFileType = sourcecode.swift; path = WaterInfo.swift; sourceTree = "<group>"; };
		96E1C5E12B20806600E88C7D /* Comment.swift */ = {isa = PBXFileReference; lastKnownFileType = sourcecode.swift; path = Comment.swift; sourceTree = "<group>"; };
		96E1C5E52B20992F00E88C7D /* FishingInfoRow.swift */ = {isa = PBXFileReference; lastKnownFileType = sourcecode.swift; path = FishingInfoRow.swift; sourceTree = "<group>"; };
/* End PBXFileReference section */

/* Begin PBXFrameworksBuildPhase section */
		96121CE82B00B9D000CC7AAF /* Frameworks */ = {
			isa = PBXFrameworksBuildPhase;
			buildActionMask = 2147483647;
			files = (
			);
			runOnlyForDeploymentPostprocessing = 0;
		};
/* End PBXFrameworksBuildPhase section */

/* Begin PBXGroup section */
		960267C92B45B2CF009CBC03 /* Authentification */ = {
			isa = PBXGroup;
			children = (
				960267D42B45D2AD009CBC03 /* Components */,
				960267CA2B45B311009CBC03 /* Authentication.swift */,
				960267CC2B45CBAC009CBC03 /* LoginView.swift */,
				960267CE2B45CE15009CBC03 /* SignUpView.swift */,
			);
			path = Authentification;
			sourceTree = "<group>";
		};
		960267D02B45D037009CBC03 /* Common */ = {
			isa = PBXGroup;
			children = (
				960267D12B45D046009CBC03 /* UI */,
				9614017C2B7D11EA00FB5331 /* CustomStepper.swift */,
			);
			path = Common;
			sourceTree = "<group>";
		};
		960267D12B45D046009CBC03 /* UI */ = {
			isa = PBXGroup;
			children = (
				960267D22B45D056009CBC03 /* OvalTextFieldStyle.swift */,
			);
			path = UI;
			sourceTree = "<group>";
		};
		960267D42B45D2AD009CBC03 /* Components */ = {
			isa = PBXGroup;
			children = (
				96972A0A2B4A91E8008EDE6E /* Validator.swift */,
				960267D52B45D2F9009CBC03 /* AuthTextField.swift */,
				96972A082B4979CE008EDE6E /* AuthSecuredTextField.swift */,
			);
			path = Components;
			sourceTree = "<group>";
		};
		96121CE22B00B9D000CC7AAF = {
			isa = PBXGroup;
			children = (
				96121CED2B00B9D000CC7AAF /* Fishing Journal */,
				96121CEC2B00B9D000CC7AAF /* Products */,
			);
			sourceTree = "<group>";
		};
		96121CEC2B00B9D000CC7AAF /* Products */ = {
			isa = PBXGroup;
			children = (
				96121CEB2B00B9D000CC7AAF /* Fishing Journal.app */,
			);
			name = Products;
			sourceTree = "<group>";
		};
		96121CED2B00B9D000CC7AAF /* Fishing Journal */ = {
			isa = PBXGroup;
			children = (
				96121CEE2B00B9D000CC7AAF /* Fishing_JournalApp.swift */,
				960267C92B45B2CF009CBC03 /* Authentification */,
				96121D052B011C5200CC7AAF /* Models */,
				96121CFC2B00DBEE00CC7AAF /* Main */,
				96E1C5DA2B207FFF00E88C7D /* DetailFishingView */,
				96B2A8C32B7B536E00F78CBC /* EditFishing */,
				96121CFD2B00DBF700CC7AAF /* Map */,
				96121CFE2B00DC0A00CC7AAF /* Feed */,
				96121CFF2B00DC0F00CC7AAF /* Profile */,
				962F59112B0B7E73001678A0 /* TabBar */,
				960267D02B45D037009CBC03 /* Common */,
				96121CF22B00B9D100CC7AAF /* Assets.xcassets */,
				96121CF42B00B9D100CC7AAF /* Preview Content */,
			);
			path = "Fishing Journal";
			sourceTree = "<group>";
		};
		96121CF42B00B9D100CC7AAF /* Preview Content */ = {
			isa = PBXGroup;
			children = (
				96121CF52B00B9D100CC7AAF /* Preview Assets.xcassets */,
			);
			path = "Preview Content";
			sourceTree = "<group>";
		};
		96121CFC2B00DBEE00CC7AAF /* Main */ = {
			isa = PBXGroup;
			children = (
				96121D022B00EC1C00CC7AAF /* Components */,
				96121D002B00DC6500CC7AAF /* MainView.swift */,
			);
			path = Main;
			sourceTree = "<group>";
		};
		96121CFD2B00DBF700CC7AAF /* Map */ = {
			isa = PBXGroup;
			children = (
				962F59162B0B7FD0001678A0 /* MapView.swift */,
				9676BF932B87DD810070A4C7 /* AnnotationMark.swift */,
				961401822B874F3A00FB5331 /* LocationFishingDetailsView.swift */,
			);
			path = Map;
			sourceTree = "<group>";
		};
		96121CFE2B00DC0A00CC7AAF /* Feed */ = {
			isa = PBXGroup;
			children = (
				962F59182B0B8023001678A0 /* FeedView.swift */,
			);
			path = Feed;
			sourceTree = "<group>";
		};
		96121CFF2B00DC0F00CC7AAF /* Profile */ = {
			isa = PBXGroup;
			children = (
				962F591A2B0B8034001678A0 /* ProfileView.swift */,
			);
			path = Profile;
			sourceTree = "<group>";
		};
		96121D022B00EC1C00CC7AAF /* Components */ = {
			isa = PBXGroup;
			children = (
				96121D032B00EC8D00CC7AAF /* FishingItem.swift */,
			);
			path = Components;
			sourceTree = "<group>";
		};
		96121D052B011C5200CC7AAF /* Models */ = {
			isa = PBXGroup;
			children = (
				96121D062B011C6200CC7AAF /* Fishing.swift */,
				96121D122B011D8600CC7AAF /* User.swift */,
				96121D082B011C9800CC7AAF /* Bait.swift */,
				96121D0A2B011CD200CC7AAF /* Water.swift */,
				96121D0C2B011D0200CC7AAF /* FishingType.swift */,
				96121D0E2B011D3600CC7AAF /* Fish.swift */,
				96121D102B011D4F00CC7AAF /* FishingMethod.swift */,
				96121D142B011EBD00CC7AAF /* FishingData.swift */,
			);
			path = Models;
			sourceTree = "<group>";
		};
		962F59112B0B7E73001678A0 /* TabBar */ = {
			isa = PBXGroup;
			children = (
				962F59122B0B7ECC001678A0 /* TabBarModel.swift */,
				962F59142B0B7F41001678A0 /* TabBarView.swift */,
			);
			path = TabBar;
			sourceTree = "<group>";
		};
		967994122B8F30FD008CE318 /* EF_Subviews */ = {
			isa = PBXGroup;
			children = (
				96B2A8C62B7CA36600F78CBC /* EF_HeaderView.swift */,
				967994102B8F077D008CE318 /* EF_WaterInfo.swift */,
				9679940A2B8F062B008CE318 /* EF_FishingInfo.swift */,
				9679940E2B8F070D008CE318 /* EF_BaitPicker.swift */,
				9679940C2B8F06AA008CE318 /* EF_FishingMethodPicker.swift */,
				961401762B7CF7BD00FB5331 /* EF_ImagesView.swift */,
				961401782B7D0FBC00FB5331 /* EF_FishView.swift */,
				9614017A2B7D118C00FB5331 /* EF_FishPicker.swift */,
				967994132B8F6493008CE318 /* EF_CommentView.swift */,
				96B2A8C82B7CA39900F78CBC /* EF_FishingTypePicker.swift */,
			);
			path = EF_Subviews;
			sourceTree = "<group>";
		};
		96B2A8C32B7B536E00F78CBC /* EditFishing */ = {
			isa = PBXGroup;
			children = (
				96B2A8C42B7B539B00F78CBC /* EditFishingView.swift */,
				967994122B8F30FD008CE318 /* EF_Subviews */,
			);
			path = EditFishing;
			sourceTree = "<group>";
		};
		96E1C5DA2B207FFF00E88C7D /* DetailFishingView */ = {
			isa = PBXGroup;
			children = (
				960919A22B015B4400F12CA9 /* DetailFishingView.swift */,
				961401802B810D7C00FB5331 /* FishingPhotos.swift */,
				96DA24A12B30BF2700FB229C /* PhotoView.swift */,
				96E1C5DB2B20804700E88C7D /* Header.swift */,
				961401842B879DB200FB5331 /* FishCaught.swift */,
				96E1C5DD2B20805400E88C7D /* FishingInfo.swift */,
				96E1C5DF2B20805A00E88C7D /* WaterInfo.swift */,
				96E1C5E12B20806600E88C7D /* Comment.swift */,
				96E1C5E52B20992F00E88C7D /* FishingInfoRow.swift */,
			);
			path = DetailFishingView;
			sourceTree = "<group>";
		};
/* End PBXGroup section */

/* Begin PBXNativeTarget section */
		96121CEA2B00B9D000CC7AAF /* Fishing Journal */ = {
			isa = PBXNativeTarget;
			buildConfigurationList = 96121CF92B00B9D100CC7AAF /* Build configuration list for PBXNativeTarget "Fishing Journal" */;
			buildPhases = (
				96121CE72B00B9D000CC7AAF /* Sources */,
				96121CE82B00B9D000CC7AAF /* Frameworks */,
				96121CE92B00B9D000CC7AAF /* Resources */,
			);
			buildRules = (
			);
			dependencies = (
			);
			name = "Fishing Journal";
			productName = "Fishing Journal";
			productReference = 96121CEB2B00B9D000CC7AAF /* Fishing Journal.app */;
			productType = "com.apple.product-type.application";
		};
/* End PBXNativeTarget section */

/* Begin PBXProject section */
		96121CE32B00B9D000CC7AAF /* Project object */ = {
			isa = PBXProject;
			attributes = {
				BuildIndependentTargetsInParallel = 1;
				LastSwiftUpdateCheck = 1500;
				LastUpgradeCheck = 1500;
				TargetAttributes = {
					96121CEA2B00B9D000CC7AAF = {
						CreatedOnToolsVersion = 15.0.1;
					};
				};
			};
			buildConfigurationList = 96121CE62B00B9D000CC7AAF /* Build configuration list for PBXProject "Fishing Journal" */;
			compatibilityVersion = "Xcode 14.0";
			developmentRegion = en;
			hasScannedForEncodings = 0;
			knownRegions = (
				en,
				Base,
			);
			mainGroup = 96121CE22B00B9D000CC7AAF;
			productRefGroup = 96121CEC2B00B9D000CC7AAF /* Products */;
			projectDirPath = "";
			projectRoot = "";
			targets = (
				96121CEA2B00B9D000CC7AAF /* Fishing Journal */,
			);
		};
/* End PBXProject section */

/* Begin PBXResourcesBuildPhase section */
		96121CE92B00B9D000CC7AAF /* Resources */ = {
			isa = PBXResourcesBuildPhase;
			buildActionMask = 2147483647;
			files = (
				96121CF62B00B9D100CC7AAF /* Preview Assets.xcassets in Resources */,
				96121CF32B00B9D100CC7AAF /* Assets.xcassets in Resources */,
			);
			runOnlyForDeploymentPostprocessing = 0;
		};
/* End PBXResourcesBuildPhase section */

/* Begin PBXSourcesBuildPhase section */
		96121CE72B00B9D000CC7AAF /* Sources */ = {
			isa = PBXSourcesBuildPhase;
			buildActionMask = 2147483647;
			files = (
				96E1C5DE2B20805400E88C7D /* FishingInfo.swift in Sources */,
				9679940B2B8F062B008CE318 /* EF_FishingInfo.swift in Sources */,
				96E1C5DC2B20804700E88C7D /* Header.swift in Sources */,
				961401832B874F3B00FB5331 /* LocationFishingDetailsView.swift in Sources */,
				962F59172B0B7FD0001678A0 /* MapView.swift in Sources */,
				96121D0B2B011CD200CC7AAF /* Water.swift in Sources */,
				96121D092B011C9800CC7AAF /* Bait.swift in Sources */,
				96121D012B00DC6500CC7AAF /* MainView.swift in Sources */,
				96972A092B4979CE008EDE6E /* AuthSecuredTextField.swift in Sources */,
				96121CEF2B00B9D000CC7AAF /* Fishing_JournalApp.swift in Sources */,
				961401852B879DB200FB5331 /* FishCaught.swift in Sources */,
				96DA24A22B30BF2700FB229C /* PhotoView.swift in Sources */,
				962F59132B0B7ECC001678A0 /* TabBarModel.swift in Sources */,
				961401812B810D7C00FB5331 /* FishingPhotos.swift in Sources */,
				960267CB2B45B311009CBC03 /* Authentication.swift in Sources */,
				96E1C5E22B20806600E88C7D /* Comment.swift in Sources */,
				9614017B2B7D118C00FB5331 /* EF_FishPicker.swift in Sources */,
				96121D042B00EC8D00CC7AAF /* FishingItem.swift in Sources */,
				96E1C5E62B20992F00E88C7D /* FishingInfoRow.swift in Sources */,
				9679940F2B8F070D008CE318 /* EF_BaitPicker.swift in Sources */,
				96121D0D2B011D0200CC7AAF /* FishingType.swift in Sources */,
				96972A0B2B4A91E8008EDE6E /* Validator.swift in Sources */,
				96121D112B011D4F00CC7AAF /* FishingMethod.swift in Sources */,
				961401792B7D0FBC00FB5331 /* EF_FishView.swift in Sources */,
				96B2A8C92B7CA39900F78CBC /* EF_FishingTypePicker.swift in Sources */,
				962F591B2B0B8034001678A0 /* ProfileView.swift in Sources */,
				96121D0F2B011D3600CC7AAF /* Fish.swift in Sources */,
				962F59192B0B8023001678A0 /* FeedView.swift in Sources */,
				960267D32B45D056009CBC03 /* OvalTextFieldStyle.swift in Sources */,
				96121D072B011C6200CC7AAF /* Fishing.swift in Sources */,
				9676BF942B87DD810070A4C7 /* AnnotationMark.swift in Sources */,
				961401772B7CF7BD00FB5331 /* EF_ImagesView.swift in Sources */,
				960267CD2B45CBAC009CBC03 /* LoginView.swift in Sources */,
				96E1C5E02B20805A00E88C7D /* WaterInfo.swift in Sources */,
				96B2A8C72B7CA36600F78CBC /* EF_HeaderView.swift in Sources */,
				96121D152B011EBD00CC7AAF /* FishingData.swift in Sources */,
				9614017D2B7D11EA00FB5331 /* CustomStepper.swift in Sources */,
				960267CF2B45CE15009CBC03 /* SignUpView.swift in Sources */,
				960919A32B015B4400F12CA9 /* DetailFishingView.swift in Sources */,
				967994142B8F6493008CE318 /* EF_CommentView.swift in Sources */,
				960267D62B45D2F9009CBC03 /* AuthTextField.swift in Sources */,
				962F59152B0B7F41001678A0 /* TabBarView.swift in Sources */,
				967994112B8F077D008CE318 /* EF_WaterInfo.swift in Sources */,
				96B2A8C52B7B539B00F78CBC /* EditFishingView.swift in Sources */,
				96121D132B011D8600CC7AAF /* User.swift in Sources */,
				9679940D2B8F06AA008CE318 /* EF_FishingMethodPicker.swift in Sources */,
			);
			runOnlyForDeploymentPostprocessing = 0;
		};
/* End PBXSourcesBuildPhase section */

/* Begin XCBuildConfiguration section */
		96121CF72B00B9D100CC7AAF /* Debug */ = {
			isa = XCBuildConfiguration;
			buildSettings = {
				ALWAYS_SEARCH_USER_PATHS = NO;
				ASSETCATALOG_COMPILER_GENERATE_SWIFT_ASSET_SYMBOL_EXTENSIONS = YES;
				CLANG_ANALYZER_NONNULL = YES;
				CLANG_ANALYZER_NUMBER_OBJECT_CONVERSION = YES_AGGRESSIVE;
				CLANG_CXX_LANGUAGE_STANDARD = "gnu++20";
				CLANG_ENABLE_MODULES = YES;
				CLANG_ENABLE_OBJC_ARC = YES;
				CLANG_ENABLE_OBJC_WEAK = YES;
				CLANG_WARN_BLOCK_CAPTURE_AUTORELEASING = YES;
				CLANG_WARN_BOOL_CONVERSION = YES;
				CLANG_WARN_COMMA = YES;
				CLANG_WARN_CONSTANT_CONVERSION = YES;
				CLANG_WARN_DEPRECATED_OBJC_IMPLEMENTATIONS = YES;
				CLANG_WARN_DIRECT_OBJC_ISA_USAGE = YES_ERROR;
				CLANG_WARN_DOCUMENTATION_COMMENTS = YES;
				CLANG_WARN_EMPTY_BODY = YES;
				CLANG_WARN_ENUM_CONVERSION = YES;
				CLANG_WARN_INFINITE_RECURSION = YES;
				CLANG_WARN_INT_CONVERSION = YES;
				CLANG_WARN_NON_LITERAL_NULL_CONVERSION = YES;
				CLANG_WARN_OBJC_IMPLICIT_RETAIN_SELF = YES;
				CLANG_WARN_OBJC_LITERAL_CONVERSION = YES;
				CLANG_WARN_OBJC_ROOT_CLASS = YES_ERROR;
				CLANG_WARN_QUOTED_INCLUDE_IN_FRAMEWORK_HEADER = YES;
				CLANG_WARN_RANGE_LOOP_ANALYSIS = YES;
				CLANG_WARN_STRICT_PROTOTYPES = YES;
				CLANG_WARN_SUSPICIOUS_MOVE = YES;
				CLANG_WARN_UNGUARDED_AVAILABILITY = YES_AGGRESSIVE;
				CLANG_WARN_UNREACHABLE_CODE = YES;
				CLANG_WARN__DUPLICATE_METHOD_MATCH = YES;
				COPY_PHASE_STRIP = NO;
				DEBUG_INFORMATION_FORMAT = dwarf;
				ENABLE_STRICT_OBJC_MSGSEND = YES;
				ENABLE_TESTABILITY = YES;
				ENABLE_USER_SCRIPT_SANDBOXING = YES;
				GCC_C_LANGUAGE_STANDARD = gnu17;
				GCC_DYNAMIC_NO_PIC = NO;
				GCC_NO_COMMON_BLOCKS = YES;
				GCC_OPTIMIZATION_LEVEL = 0;
				GCC_PREPROCESSOR_DEFINITIONS = (
					"DEBUG=1",
					"$(inherited)",
				);
				GCC_WARN_64_TO_32_BIT_CONVERSION = YES;
				GCC_WARN_ABOUT_RETURN_TYPE = YES_ERROR;
				GCC_WARN_UNDECLARED_SELECTOR = YES;
				GCC_WARN_UNINITIALIZED_AUTOS = YES_AGGRESSIVE;
				GCC_WARN_UNUSED_FUNCTION = YES;
				GCC_WARN_UNUSED_VARIABLE = YES;
				IPHONEOS_DEPLOYMENT_TARGET = 17.0;
				LOCALIZATION_PREFERS_STRING_CATALOGS = YES;
				MTL_ENABLE_DEBUG_INFO = INCLUDE_SOURCE;
				MTL_FAST_MATH = YES;
				ONLY_ACTIVE_ARCH = YES;
				SDKROOT = iphoneos;
				SWIFT_ACTIVE_COMPILATION_CONDITIONS = "DEBUG $(inherited)";
				SWIFT_OPTIMIZATION_LEVEL = "-Onone";
			};
			name = Debug;
		};
		96121CF82B00B9D100CC7AAF /* Release */ = {
			isa = XCBuildConfiguration;
			buildSettings = {
				ALWAYS_SEARCH_USER_PATHS = NO;
				ASSETCATALOG_COMPILER_GENERATE_SWIFT_ASSET_SYMBOL_EXTENSIONS = YES;
				CLANG_ANALYZER_NONNULL = YES;
				CLANG_ANALYZER_NUMBER_OBJECT_CONVERSION = YES_AGGRESSIVE;
				CLANG_CXX_LANGUAGE_STANDARD = "gnu++20";
				CLANG_ENABLE_MODULES = YES;
				CLANG_ENABLE_OBJC_ARC = YES;
				CLANG_ENABLE_OBJC_WEAK = YES;
				CLANG_WARN_BLOCK_CAPTURE_AUTORELEASING = YES;
				CLANG_WARN_BOOL_CONVERSION = YES;
				CLANG_WARN_COMMA = YES;
				CLANG_WARN_CONSTANT_CONVERSION = YES;
				CLANG_WARN_DEPRECATED_OBJC_IMPLEMENTATIONS = YES;
				CLANG_WARN_DIRECT_OBJC_ISA_USAGE = YES_ERROR;
				CLANG_WARN_DOCUMENTATION_COMMENTS = YES;
				CLANG_WARN_EMPTY_BODY = YES;
				CLANG_WARN_ENUM_CONVERSION = YES;
				CLANG_WARN_INFINITE_RECURSION = YES;
				CLANG_WARN_INT_CONVERSION = YES;
				CLANG_WARN_NON_LITERAL_NULL_CONVERSION = YES;
				CLANG_WARN_OBJC_IMPLICIT_RETAIN_SELF = YES;
				CLANG_WARN_OBJC_LITERAL_CONVERSION = YES;
				CLANG_WARN_OBJC_ROOT_CLASS = YES_ERROR;
				CLANG_WARN_QUOTED_INCLUDE_IN_FRAMEWORK_HEADER = YES;
				CLANG_WARN_RANGE_LOOP_ANALYSIS = YES;
				CLANG_WARN_STRICT_PROTOTYPES = YES;
				CLANG_WARN_SUSPICIOUS_MOVE = YES;
				CLANG_WARN_UNGUARDED_AVAILABILITY = YES_AGGRESSIVE;
				CLANG_WARN_UNREACHABLE_CODE = YES;
				CLANG_WARN__DUPLICATE_METHOD_MATCH = YES;
				COPY_PHASE_STRIP = NO;
				DEBUG_INFORMATION_FORMAT = "dwarf-with-dsym";
				ENABLE_NS_ASSERTIONS = NO;
				ENABLE_STRICT_OBJC_MSGSEND = YES;
				ENABLE_USER_SCRIPT_SANDBOXING = YES;
				GCC_C_LANGUAGE_STANDARD = gnu17;
				GCC_NO_COMMON_BLOCKS = YES;
				GCC_WARN_64_TO_32_BIT_CONVERSION = YES;
				GCC_WARN_ABOUT_RETURN_TYPE = YES_ERROR;
				GCC_WARN_UNDECLARED_SELECTOR = YES;
				GCC_WARN_UNINITIALIZED_AUTOS = YES_AGGRESSIVE;
				GCC_WARN_UNUSED_FUNCTION = YES;
				GCC_WARN_UNUSED_VARIABLE = YES;
				IPHONEOS_DEPLOYMENT_TARGET = 17.0;
				LOCALIZATION_PREFERS_STRING_CATALOGS = YES;
				MTL_ENABLE_DEBUG_INFO = NO;
				MTL_FAST_MATH = YES;
				SDKROOT = iphoneos;
				SWIFT_COMPILATION_MODE = wholemodule;
				VALIDATE_PRODUCT = YES;
			};
			name = Release;
		};
		96121CFA2B00B9D100CC7AAF /* Debug */ = {
			isa = XCBuildConfiguration;
			buildSettings = {
				ASSETCATALOG_COMPILER_APPICON_NAME = AppIcon;
				ASSETCATALOG_COMPILER_GLOBAL_ACCENT_COLOR_NAME = AccentColor;
				CODE_SIGN_STYLE = Automatic;
				CURRENT_PROJECT_VERSION = 1;
				DEVELOPMENT_ASSET_PATHS = "\"Fishing Journal/Preview Content\"";
				DEVELOPMENT_TEAM = L6XAPXV5GM;
				ENABLE_PREVIEWS = YES;
				GENERATE_INFOPLIST_FILE = YES;
				INFOPLIST_KEY_UIApplicationSceneManifest_Generation = YES;
				INFOPLIST_KEY_UIApplicationSupportsIndirectInputEvents = YES;
				INFOPLIST_KEY_UILaunchScreen_Generation = YES;
				INFOPLIST_KEY_UISupportedInterfaceOrientations = UIInterfaceOrientationPortrait;
				INFOPLIST_KEY_UISupportedInterfaceOrientations_iPad = "UIInterfaceOrientationLandscapeLeft UIInterfaceOrientationLandscapeRight UIInterfaceOrientationPortrait UIInterfaceOrientationPortraitUpsideDown";
				IPHONEOS_DEPLOYMENT_TARGET = 17.0;
				LD_RUNPATH_SEARCH_PATHS = (
					"$(inherited)",
					"@executable_path/Frameworks",
				);
				MARKETING_VERSION = 1.0;
				PRODUCT_BUNDLE_IDENTIFIER = "vital.Fishing-Journal";
				PRODUCT_NAME = "$(TARGET_NAME)";
				SUPPORTED_PLATFORMS = "iphoneos iphonesimulator";
				SUPPORTS_MACCATALYST = NO;
				SUPPORTS_MAC_DESIGNED_FOR_IPHONE_IPAD = NO;
				SWIFT_EMIT_LOC_STRINGS = YES;
				SWIFT_VERSION = 5.0;
				TARGETED_DEVICE_FAMILY = 1;
			};
			name = Debug;
		};
		96121CFB2B00B9D100CC7AAF /* Release */ = {
			isa = XCBuildConfiguration;
			buildSettings = {
				ASSETCATALOG_COMPILER_APPICON_NAME = AppIcon;
				ASSETCATALOG_COMPILER_GLOBAL_ACCENT_COLOR_NAME = AccentColor;
				CODE_SIGN_STYLE = Automatic;
				CURRENT_PROJECT_VERSION = 1;
				DEVELOPMENT_ASSET_PATHS = "\"Fishing Journal/Preview Content\"";
				DEVELOPMENT_TEAM = L6XAPXV5GM;
				ENABLE_PREVIEWS = YES;
				GENERATE_INFOPLIST_FILE = YES;
				INFOPLIST_KEY_UIApplicationSceneManifest_Generation = YES;
				INFOPLIST_KEY_UIApplicationSupportsIndirectInputEvents = YES;
				INFOPLIST_KEY_UILaunchScreen_Generation = YES;
				INFOPLIST_KEY_UISupportedInterfaceOrientations = UIInterfaceOrientationPortrait;
				INFOPLIST_KEY_UISupportedInterfaceOrientations_iPad = "UIInterfaceOrientationLandscapeLeft UIInterfaceOrientationLandscapeRight UIInterfaceOrientationPortrait UIInterfaceOrientationPortraitUpsideDown";
				IPHONEOS_DEPLOYMENT_TARGET = 17.0;
				LD_RUNPATH_SEARCH_PATHS = (
					"$(inherited)",
					"@executable_path/Frameworks",
				);
				MARKETING_VERSION = 1.0;
				PRODUCT_BUNDLE_IDENTIFIER = "vital.Fishing-Journal";
				PRODUCT_NAME = "$(TARGET_NAME)";
				SUPPORTED_PLATFORMS = "iphoneos iphonesimulator";
				SUPPORTS_MACCATALYST = NO;
				SUPPORTS_MAC_DESIGNED_FOR_IPHONE_IPAD = NO;
				SWIFT_EMIT_LOC_STRINGS = YES;
				SWIFT_VERSION = 5.0;
				TARGETED_DEVICE_FAMILY = 1;
			};
			name = Release;
		};
/* End XCBuildConfiguration section */

/* Begin XCConfigurationList section */
		96121CE62B00B9D000CC7AAF /* Build configuration list for PBXProject "Fishing Journal" */ = {
			isa = XCConfigurationList;
			buildConfigurations = (
				96121CF72B00B9D100CC7AAF /* Debug */,
				96121CF82B00B9D100CC7AAF /* Release */,
			);
			defaultConfigurationIsVisible = 0;
			defaultConfigurationName = Release;
		};
		96121CF92B00B9D100CC7AAF /* Build configuration list for PBXNativeTarget "Fishing Journal" */ = {
			isa = XCConfigurationList;
			buildConfigurations = (
				96121CFA2B00B9D100CC7AAF /* Debug */,
				96121CFB2B00B9D100CC7AAF /* Release */,
			);
			defaultConfigurationIsVisible = 0;
			defaultConfigurationName = Release;
		};
/* End XCConfigurationList section */
	};
	rootObject = 96121CE32B00B9D000CC7AAF /* Project object */;
}
